
Microsoft Visual Studio Solution File, Format Version 12.00
# Visual Studio Version 16
VisualStudioVersion = 16.0.32929.386
MinimumVisualStudioVersion = 10.0.40219.1
Project("{F184B08F-C81C-45F6-A57F-5ABD9991F28F}") = "LatihanPraUTS", "LatihanPraUTS.vbproj", "{D8AF95C3-39C9-4341-8A6D-C26F910F1991}"
EndProject
Global
	GlobalSection(SolutionConfigurationPlatforms) = preSolution
		Debug|Any CPU = Debug|Any CPU
		Release|Any CPU = Release|Any CPU
	EndGlobalSection
	GlobalSection(ProjectConfigurationPlatforms) = postSolution
		{D8AF95C3-39C9-4341-8A6D-C26F910F1991}.Debug|Any CPU.ActiveCfg = Debug|Any CPU
		{D8AF95C3-39C9-4341-8A6D-C26F910F1991}.Debug|Any CPU.Build.0 = Debug|Any CPU
		{D8AF95C3-39C9-4341-8A6D-C26F910F1991}.Release|Any CPU.ActiveCfg = Release|Any CPU
		{D8AF95C3-39C9-4341-8A6D-C26F910F1991}.Release|Any CPU.Build.0 = Release|Any CPU
	EndGlobalSection
	GlobalSection(SolutionProperties) = preSolution
		HideSolutionNode = FALSE
	EndGlobalSection
	GlobalSection(ExtensibilityGlobals) = postSolution
		SolutionGuid = {D8AE42EB-A3A0-49B1-ACBD-B3C8A776DE73}
	EndGlobalSection
EndGlobal
